// !$*UTF8*$!
{
	archiveVersion = 1;
	classes = {
	};
	objectVersion = 46;
	objects = {

/* Begin PBXBuildFile section */
		27438C5519F1CA0200F35F11 /* AppDelegate.swift in Sources */ = {isa = PBXBuildFile; fileRef = 27438C5419F1CA0200F35F11 /* AppDelegate.swift */; };
		27438C5719F1CA0200F35F11 /* ViewController.swift in Sources */ = {isa = PBXBuildFile; fileRef = 27438C5619F1CA0200F35F11 /* ViewController.swift */; };
		27438C5A19F1CA0200F35F11 /* Main.storyboard in Resources */ = {isa = PBXBuildFile; fileRef = 27438C5819F1CA0200F35F11 /* Main.storyboard */; };
		27438C5C19F1CA0200F35F11 /* Images.xcassets in Resources */ = {isa = PBXBuildFile; fileRef = 27438C5B19F1CA0200F35F11 /* Images.xcassets */; };
		27438C5F19F1CA0200F35F11 /* LaunchScreen.xib in Resources */ = {isa = PBXBuildFile; fileRef = 27438C5D19F1CA0200F35F11 /* LaunchScreen.xib */; };
		27438C6B19F1CA0200F35F11 /* PostcardTests.swift in Sources */ = {isa = PBXBuildFile; fileRef = 27438C6A19F1CA0200F35F11 /* PostcardTests.swift */; };
		27EE1D7E1ABCE5A800F71059 /* SagradaFamilia.jpeg in Resources */ = {isa = PBXBuildFile; fileRef = 27EE1D7D1ABCE5A800F71059 /* SagradaFamilia.jpeg */; };
		27EE1D821ABCE9EF00F71059 /* AlbertEinsteinStamp.jpg in Resources */ = {isa = PBXBuildFile; fileRef = 27EE1D811ABCE9EF00F71059 /* AlbertEinsteinStamp.jpg */; };
/* End PBXBuildFile section */

/* Begin PBXContainerItemProxy section */
		27438C6519F1CA0200F35F11 /* PBXContainerItemProxy */ = {
			isa = PBXContainerItemProxy;
			containerPortal = 27438C4719F1CA0200F35F11 /* Project object */;
			proxyType = 1;
			remoteGlobalIDString = 27438C4E19F1CA0200F35F11;
			remoteInfo = Postcard;
		};
/* End PBXContainerItemProxy section */

/* Begin PBXFileReference section */
		27438C4F19F1CA0200F35F11 /* Postcard.app */ = {isa = PBXFileReference; explicitFileType = wrapper.application; includeInIndex = 0; path = Postcard.app; sourceTree = BUILT_PRODUCTS_DIR; };
		27438C5319F1CA0200F35F11 /* Info.plist */ = {isa = PBXFileReference; lastKnownFileType = text.plist.xml; path = Info.plist; sourceTree = "<group>"; };
		27438C5419F1CA0200F35F11 /* AppDelegate.swift */ = {isa = PBXFileReference; lastKnownFileType = sourcecode.swift; path = AppDelegate.swift; sourceTree = "<group>"; };
		27438C5619F1CA0200F35F11 /* ViewController.swift */ = {isa = PBXFileReference; lastKnownFileType = sourcecode.swift; path = ViewController.swift; sourceTree = "<group>"; };
		27438C5919F1CA0200F35F11 /* Base */ = {isa = PBXFileReference; lastKnownFileType = file.storyboard; name = Base; path = Base.lproj/Main.storyboard; sourceTree = "<group>"; };
		27438C5B19F1CA0200F35F11 /* Images.xcassets */ = {isa = PBXFileReference; lastKnownFileType = folder.assetcatalog; path = Images.xcassets; sourceTree = "<group>"; };
		27438C5E19F1CA0200F35F11 /* Base */ = {isa = PBXFileReference; lastKnownFileType = file.xib; name = Base; path = Base.lproj/LaunchScreen.xib; sourceTree = "<group>"; };
		27438C6419F1CA0200F35F11 /* PostcardTests.xctest */ = {isa = PBXFileReference; explicitFileType = wrapper.cfbundle; includeInIndex = 0; path = PostcardTests.xctest; sourceTree = BUILT_PRODUCTS_DIR; };
		27438C6919F1CA0200F35F11 /* Info.plist */ = {isa = PBXFileReference; lastKnownFileType = text.plist.xml; path = Info.plist; sourceTree = "<group>"; };
		27438C6A19F1CA0200F35F11 /* PostcardTests.swift */ = {isa = PBXFileReference; lastKnownFileType = sourcecode.swift; path = PostcardTests.swift; sourceTree = "<group>"; };
		27EE1D7D1ABCE5A800F71059 /* SagradaFamilia.jpeg */ = {isa = PBXFileReference; lastKnownFileType = image.jpeg; path = SagradaFamilia.jpeg; sourceTree = "<group>"; };
		27EE1D811ABCE9EF00F71059 /* AlbertEinsteinStamp.jpg */ = {isa = PBXFileReference; lastKnownFileType = image.jpeg; path = AlbertEinsteinStamp.jpg; sourceTree = "<group>"; };
/* End PBXFileReference section */

/* Begin PBXFrameworksBuildPhase section */
		27438C4C19F1CA0200F35F11 /* Frameworks */ = {
			isa = PBXFrameworksBuildPhase;
			buildActionMask = 2147483647;
			files = (
			);
			runOnlyForDeploymentPostprocessing = 0;
		};
		27438C6119F1CA0200F35F11 /* Frameworks */ = {
			isa = PBXFrameworksBuildPhase;
			buildActionMask = 2147483647;
			files = (
			);
			runOnlyForDeploymentPostprocessing = 0;
		};
/* End PBXFrameworksBuildPhase section */

/* Begin PBXGroup section */
		27438C4619F1CA0200F35F11 = {
			isa = PBXGroup;
			children = (
				27438C5119F1CA0200F35F11 /* Postcard */,
				27438C6719F1CA0200F35F11 /* PostcardTests */,
				27438C5019F1CA0200F35F11 /* Products */,
			);
			sourceTree = "<group>";
		};
		27438C5019F1CA0200F35F11 /* Products */ = {
			isa = PBXGroup;
			children = (
				27438C4F19F1CA0200F35F11 /* Postcard.app */,
				27438C6419F1CA0200F35F11 /* PostcardTests.xctest */,
			);
			name = Products;
			sourceTree = "<group>";
		};
		27438C5119F1CA0200F35F11 /* Postcard */ = {
			isa = PBXGroup;
			children = (
				27438C5419F1CA0200F35F11 /* AppDelegate.swift */,
				27438C5619F1CA0200F35F11 /* ViewController.swift */,
				27438C5819F1CA0200F35F11 /* Main.storyboard */,
				27438C5B19F1CA0200F35F11 /* Images.xcassets */,
				27438C5D19F1CA0200F35F11 /* LaunchScreen.xib */,
				27438C5219F1CA0200F35F11 /* Supporting Files */,
			);
			path = Postcard;
			sourceTree = "<group>";
		};
		27438C5219F1CA0200F35F11 /* Supporting Files */ = {
			isa = PBXGroup;
			children = (
				27EE1D811ABCE9EF00F71059 /* AlbertEinsteinStamp.jpg */,
				27EE1D7D1ABCE5A800F71059 /* SagradaFamilia.jpeg */,
				27438C5319F1CA0200F35F11 /* Info.plist */,
			);
			name = "Supporting Files";
			sourceTree = "<group>";
		};
		27438C6719F1CA0200F35F11 /* PostcardTests */ = {
			isa = PBXGroup;
			children = (
				27438C6A19F1CA0200F35F11 /* PostcardTests.swift */,
				27438C6819F1CA0200F35F11 /* Supporting Files */,
			);
			path = PostcardTests;
			sourceTree = "<group>";
		};
		27438C6819F1CA0200F35F11 /* Supporting Files */ = {
			isa = PBXGroup;
			children = (
				27438C6919F1CA0200F35F11 /* Info.plist */,
			);
			name = "Supporting Files";
			sourceTree = "<group>";
		};
/* End PBXGroup section */

/* Begin PBXNativeTarget section */
		27438C4E19F1CA0200F35F11 /* Postcard */ = {
			isa = PBXNativeTarget;
			buildConfigurationList = 27438C6E19F1CA0200F35F11 /* Build configuration list for PBXNativeTarget "Postcard" */;
			buildPhases = (
				27438C4B19F1CA0200F35F11 /* Sources */,
				27438C4C19F1CA0200F35F11 /* Frameworks */,
				27438C4D19F1CA0200F35F11 /* Resources */,
			);
			buildRules = (
			);
			dependencies = (
			);
			name = Postcard;
			productName = Postcard;
			productReference = 27438C4F19F1CA0200F35F11 /* Postcard.app */;
			productType = "com.apple.product-type.application";
		};
		27438C6319F1CA0200F35F11 /* PostcardTests */ = {
			isa = PBXNativeTarget;
			buildConfigurationList = 27438C7119F1CA0200F35F11 /* Build configuration list for PBXNativeTarget "PostcardTests" */;
			buildPhases = (
				27438C6019F1CA0200F35F11 /* Sources */,
				27438C6119F1CA0200F35F11 /* Frameworks */,
				27438C6219F1CA0200F35F11 /* Resources */,
			);
			buildRules = (
			);
			dependencies = (
				27438C6619F1CA0200F35F11 /* PBXTargetDependency */,
			);
			name = PostcardTests;
			productName = PostcardTests;
			productReference = 27438C6419F1CA0200F35F11 /* PostcardTests.xctest */;
			productType = "com.apple.product-type.bundle.unit-test";
		};
/* End PBXNativeTarget section */

/* Begin PBXProject section */
		27438C4719F1CA0200F35F11 /* Project object */ = {
			isa = PBXProject;
			attributes = {
				LastUpgradeCheck = 0600;
				ORGANIZATIONNAME = ZymoWorx;
				TargetAttributes = {
					27438C4E19F1CA0200F35F11 = {
						CreatedOnToolsVersion = 6.0.1;
					};
					27438C6319F1CA0200F35F11 = {
						CreatedOnToolsVersion = 6.0.1;
						TestTargetID = 27438C4E19F1CA0200F35F11;
					};
				};
			};
			buildConfigurationList = 27438C4A19F1CA0200F35F11 /* Build configuration list for PBXProject "Postcard" */;
			compatibilityVersion = "Xcode 3.2";
			developmentRegion = English;
			hasScannedForEncodings = 0;
			knownRegions = (
				en,
				Base,
			);
			mainGroup = 27438C4619F1CA0200F35F11;
			productRefGroup = 27438C5019F1CA0200F35F11 /* Products */;
			projectDirPath = "";
			projectRoot = "";
			targets = (
				27438C4E19F1CA0200F35F11 /* Postcard */,
				27438C6319F1CA0200F35F11 /* PostcardTests */,
			);
		};
/* End PBXProject section */

/* Begin PBXResourcesBuildPhase section */
		27438C4D19F1CA0200F35F11 /* Resources */ = {
			isa = PBXResourcesBuildPhase;
			buildActionMask = 2147483647;
			files = (
				27438C5A19F1CA0200F35F11 /* Main.storyboard in Resources */,
				27EE1D7E1ABCE5A800F71059 /* SagradaFamilia.jpeg in Resources */,
				27EE1D821ABCE9EF00F71059 /* AlbertEinsteinStamp.jpg in Resources */,
				27438C5F19F1CA0200F35F11 /* LaunchScreen.xib in Resources */,
				27438C5C19F1CA0200F35F11 /* Images.xcassets in Resources */,
			);
			runOnlyForDeploymentPostprocessing = 0;
		};
		27438C6219F1CA0200F35F11 /* Resources */ = {
			isa = PBXResourcesBuildPhase;
			buildActionMask = 2147483647;
			files = (
			);
			runOnlyForDeploymentPostprocessing = 0;
		};
/* End PBXResourcesBuildPhase section */

/* Begin PBXSourcesBuildPhase section */
		27438C4B19F1CA0200F35F11 /* Sources */ = {
			isa = PBXSourcesBuildPhase;
			buildActionMask = 2147483647;
			files = (
				27438C5719F1CA0200F35F11 /* ViewController.swift in Sources */,
				27438C5519F1CA0200F35F11 /* AppDelegate.swift in Sources */,
			);
			runOnlyForDeploymentPostprocessing = 0;
		};
		27438C6019F1CA0200F35F11 /* Sources */ = {
			isa = PBXSourcesBuildPhase;
			buildActionMask = 2147483647;
			files = (
				27438C6B19F1CA0200F35F11 /* PostcardTests.swift in Sources */,
			);
			runOnlyForDeploymentPostprocessing = 0;
		};
/* End PBXSourcesBuildPhase section */

/* Begin PBXTargetDependency section */
		27438C6619F1CA0200F35F11 /* PBXTargetDependency */ = {
			isa = PBXTargetDependency;
			target = 27438C4E19F1CA0200F35F11 /* Postcard */;
			targetProxy = 27438C6519F1CA0200F35F11 /* PBXContainerItemProxy */;
		};
/* End PBXTargetDependency section */

/* Begin PBXVariantGroup section */
		27438C5819F1CA0200F35F11 /* Main.storyboard */ = {
			isa = PBXVariantGroup;
			children = (
				27438C5919F1CA0200F35F11 /* Base */,
			);
			name = Main.storyboard;
			sourceTree = "<group>";
		};
		27438C5D19F1CA0200F35F11 /* LaunchScreen.xib */ = {
			isa = PBXVariantGroup;
			children = (
				27438C5E19F1CA0200F35F11 /* Base */,
			);
			name = LaunchScreen.xib;
			sourceTree = "<group>";
		};
/* End PBXVariantGroup section */

/* Begin XCBuildConfiguration section */
		27438C6C19F1CA0200F35F11 /* Debug */ = {
			isa = XCBuildConfiguration;
			buildSettings = {
				ALWAYS_SEARCH_USER_PATHS = NO;
				CLANG_CXX_LANGUAGE_STANDARD = "gnu++0x";
				CLANG_CXX_LIBRARY = "libc++";
				CLANG_ENABLE_MODULES = YES;
				CLANG_ENABLE_OBJC_ARC = YES;
				CLANG_WARN_BOOL_CONVERSION = YES;
				CLANG_WARN_CONSTANT_CONVERSION = YES;
				CLANG_WARN_DIRECT_OBJC_ISA_USAGE = YES_ERROR;
				CLANG_WARN_EMPTY_BODY = YES;
				CLANG_WARN_ENUM_CONVERSION = YES;
				CLANG_WARN_INT_CONVERSION = YES;
				CLANG_WARN_OBJC_ROOT_CLASS = YES_ERROR;
				CLANG_WARN_UNREACHABLE_CODE = YES;
				CLANG_WARN__DUPLICATE_METHOD_MATCH = YES;
				"CODE_SIGN_IDENTITY[sdk=iphoneos*]" = "iPhone Developer";
				COPY_PHASE_STRIP = NO;
				ENABLE_STRICT_OBJC_MSGSEND = YES;
				GCC_C_LANGUAGE_STANDARD = gnu99;
				GCC_DYNAMIC_NO_PIC = NO;
				GCC_OPTIMIZATION_LEVEL = 0;
				GCC_PREPROCESSOR_DEFINITIONS = (
					"DEBUG=1",
					"$(inherited)",
				);
				GCC_SYMBOLS_PRIVATE_EXTERN = NO;
				GCC_WARN_64_TO_32_BIT_CONVERSION = YES;
				GCC_WARN_ABOUT_RETURN_TYPE = YES_ERROR;
				GCC_WARN_UNDECLARED_SELECTOR = YES;
				GCC_WARN_UNINITIALIZED_AUTOS = YES_AGGRESSIVE;
				GCC_WARN_UNUSED_FUNCTION = YES;
				GCC_WARN_UNUSED_VARIABLE = YES;
				IPHONEOS_DEPLOYMENT_TARGET = 8.0;
				MTL_ENABLE_DEBUG_INFO = YES;
				ONLY_ACTIVE_ARCH = YES;
				SDKROOT = iphoneos;
				SWIFT_OPTIMIZATION_LEVEL = "-Onone";
				TARGETED_DEVICE_FAMILY = "1,2";
			};
			name = Debug;
		};
		27438C6D19F1CA0200F35F11 /* Release */ = {
			isa = XCBuildConfiguration;
			buildSettings = {
				ALWAYS_SEARCH_USER_PATHS = NO;
				CLANG_CXX_LANGUAGE_STANDARD = "gnu++0x";
				CLANG_CXX_LIBRARY = "libc++";
				CLANG_ENABLE_MODULES = YES;
				CLANG_ENABLE_OBJC_ARC = YES;
				CLANG_WARN_BOOL_CONVERSION = YES;
				CLANG_WARN_CONSTANT_CONVERSION = YES;
				CLANG_WARN_DIRECT_OBJC_ISA_USAGE = YES_ERROR;
				CLANG_WARN_EMPTY_BODY = YES;
				CLANG_WARN_ENUM_CONVERSION = YES;
				CLANG_WARN_INT_CONVERSION = YES;
				CLANG_WARN_OBJC_ROOT_CLASS = YES_ERROR;
				CLANG_WARN_UNREACHABLE_CODE = YES;
				CLANG_WARN__DUPLICATE_METHOD_MATCH = YES;
				"CODE_SIGN_IDENTITY[sdk=iphoneos*]" = "iPhone Developer";
				COPY_PHASE_STRIP = YES;
				ENABLE_NS_ASSERTIONS = NO;
				ENABLE_STRICT_OBJC_MSGSEND = YES;
				GCC_C_LANGUAGE_STANDARD = gnu99;
				GCC_WARN_64_TO_32_BIT_CONVERSION = YES;
				GCC_WARN_ABOUT_RETURN_TYPE = YES_ERROR;
				GCC_WARN_UNDECLARED_SELECTOR = YES;
				GCC_WARN_UNINITIALIZED_AUTOS = YES_AGGRESSIVE;
				GCC_WARN_UNUSED_FUNCTION = YES;
				GCC_WARN_UNUSED_VARIABLE = YES;
				IPHONEOS_DEPLOYMENT_TARGET = 8.0;
				MTL_ENABLE_DEBUG_INFO = NO;
				SDKROOT = iphoneos;
				TARGETED_DEVICE_FAMILY = "1,2";
				VALIDATE_PRODUCT = YES;
			};
			name = Release;
		};
		27438C6F19F1CA0200F35F11 /* Debug */ = {
			isa = XCBuildConfiguration;
			buildSettings = {
				ASSETCATALOG_COMPILER_APPICON_NAME = AppIcon;
				INFOPLIST_FILE = Postcard/Info.plist;
				LD_RUNPATH_SEARCH_PATHS = "$(inherited) @executable_path/Frameworks";
				PRODUCT_NAME = "$(TARGET_NAME)";
			};
			name = Debug;
		};
		27438C7019F1CA0200F35F11 /* Release */ = {
			isa = XCBuildConfiguration;
			buildSettings = {
				ASSETCATALOG_COMPILER_APPICON_NAME = AppIcon;
				INFOPLIST_FILE = Postcard/Info.plist;
				LD_RUNPATH_SEARCH_PATHS = "$(inherited) @executable_path/Frameworks";
				PRODUCT_NAME = "$(TARGET_NAME)";
			};
			name = Release;
		};
		27438C7219F1CA0200F35F11 /* Debug */ = {
			isa = XCBuildConfiguration;
			buildSettings = {
				BUNDLE_LOADER = "$(TEST_HOST)";
				FRAMEWORK_SEARCH_PATHS = (
					"$(SDKROOT)/Developer/Library/Frameworks",
					"$(inherited)",
				);
				GCC_PREPROCESSOR_DEFINITIONS = (
					"DEBUG=1",
					"$(inherited)",
				);
				INFOPLIST_FILE = PostcardTests/Info.plist;
				LD_RUNPATH_SEARCH_PATHS = "$(inherited) @executable_path/Frameworks @loader_path/Frameworks";
				PRODUCT_NAME = "$(TARGET_NAME)";
				TEST_HOST = "$(BUILT_PRODUCTS_DIR)/Postcard.app/Postcard";
			};
			name = Debug;
		};
		27438C7319F1CA0200F35F11 /* Release */ = {
			isa = XCBuildConfiguration;
			buildSettings = {
				BUNDLE_LOADER = "$(TEST_HOST)";
				FRAMEWORK_SEARCH_PATHS = (
					"$(SDKROOT)/Developer/Library/Frameworks",
					"$(inherited)",
				);
				INFOPLIST_FILE = PostcardTests/Info.plist;
				LD_RUNPATH_SEARCH_PATHS = "$(inherited) @executable_path/Frameworks @loader_path/Frameworks";
				PRODUCT_NAME = "$(TARGET_NAME)";
				TEST_HOST = "$(BUILT_PRODUCTS_DIR)/Postcard.app/Postcard";
			};
			name = Release;
		};
/* End XCBuildConfiguration section */

/* Begin XCConfigurationList section */
		27438C4A19F1CA0200F35F11 /* Build configuration list for PBXProject "Postcard" */ = {
			isa = XCConfigurationList;
			buildConfigurations = (
				27438C6C19F1CA0200F35F11 /* Debug */,
				27438C6D19F1CA0200F35F11 /* Release */,
			);
			defaultConfigurationIsVisible = 0;
			defaultConfigurationName = Release;
		};
		27438C6E19F1CA0200F35F11 /* Build configuration list for PBXNativeTarget "Postcard" */ = {
			isa = XCConfigurationList;
			buildConfigurations = (
				27438C6F19F1CA0200F35F11 /* Debug */,
				27438C7019F1CA0200F35F11 /* Release */,
			);
			defaultConfigurationIsVisible = 0;
			defaultConfigurationName = Release;
		};
		27438C7119F1CA0200F35F11 /* Build configuration list for PBXNativeTarget "PostcardTests" */ = {
			isa = XCConfigurationList;
			buildConfigurations = (
				27438C7219F1CA0200F35F11 /* Debug */,
				27438C7319F1CA0200F35F11 /* Release */,
			);
			defaultConfigurationIsVisible = 0;
			defaultConfigurationName = Release;
		};
/* End XCConfigurationList section */
	};
	rootObject = 27438C4719F1CA0200F35F11 /* Project object */;
}
